
Microsoft Visual Studio Solution File, Format Version 12.00
# Visual Studio Version 16
VisualStudioVersion = 16.0.29409.12
MinimumVisualStudioVersion = 10.0.40219.1
Project("{FAE04EC0-301F-11D3-BF4B-00C04F79EFBC}") = "WindowsFormsApp5", "WindowsFormsApp5\WindowsFormsApp5.csproj", "{95472311-3A9C-4E65-93F5-3AB95484E40D}"
EndProject
Global
	GlobalSection(SolutionConfigurationPlatforms) = preSolution
		Debug|Any CPU = Debug|Any CPU
		Release|Any CPU = Release|Any CPU
	EndGlobalSection
	GlobalSection(ProjectConfigurationPlatforms) = postSolution
		{95472311-3A9C-4E65-93F5-3AB95484E40D}.Debug|Any CPU.ActiveCfg = Debug|Any CPU
		{95472311-3A9C-4E65-93F5-3AB95484E40D}.Debug|Any CPU.Build.0 = Debug|Any CPU
		{95472311-3A9C-4E65-93F5-3AB95484E40D}.Release|Any CPU.ActiveCfg = Release|Any CPU
		{95472311-3A9C-4E65-93F5-3AB95484E40D}.Release|Any CPU.Build.0 = Release|Any CPU
	EndGlobalSection
	GlobalSection(SolutionProperties) = preSolution
		HideSolutionNode = FALSE
	EndGlobalSection
	GlobalSection(ExtensibilityGlobals) = postSolution
		SolutionGuid = {C292CF96-6825-4435-A89B-12D1B2FBD3DC}
	EndGlobalSection
EndGlobal
